
Microsoft Visual Studio Solution File, Format Version 12.00
# Visual Studio Version 16
VisualStudioVersion = 16.0.32413.511
MinimumVisualStudioVersion = 10.0.40219.1
Project("{FAE04EC0-301F-11D3-BF4B-00C04F79EFBC}") = "ChallengeAPI", "ChallengeAPI.csproj", "{E2C301B8-0AEF-4BD4-B6F5-20BB9C3D0AE6}"
EndProject
Global
	GlobalSection(SolutionConfigurationPlatforms) = preSolution
		Debug|Any CPU = Debug|Any CPU
		Release|Any CPU = Release|Any CPU
	EndGlobalSection
	GlobalSection(ProjectConfigurationPlatforms) = postSolution
		{E2C301B8-0AEF-4BD4-B6F5-20BB9C3D0AE6}.Debug|Any CPU.ActiveCfg = Debug|Any CPU
		{E2C301B8-0AEF-4BD4-B6F5-20BB9C3D0AE6}.Debug|Any CPU.Build.0 = Debug|Any CPU
		{E2C301B8-0AEF-4BD4-B6F5-20BB9C3D0AE6}.Release|Any CPU.ActiveCfg = Release|Any CPU
		{E2C301B8-0AEF-4BD4-B6F5-20BB9C3D0AE6}.Release|Any CPU.Build.0 = Release|Any CPU
	EndGlobalSection
	GlobalSection(SolutionProperties) = preSolution
		HideSolutionNode = FALSE
	EndGlobalSection
	GlobalSection(ExtensibilityGlobals) = postSolution
		SolutionGuid = {5BFA04CB-CF4B-4726-A06E-2EA82D9AF6BB}
	EndGlobalSection
EndGlobal
